
Microsoft Visual Studio Solution File, Format Version 12.00
# Visual Studio 15
VisualStudioVersion = 15.0.26228.10
MinimumVisualStudioVersion = 10.0.40219.1
Project("{8BC9CEB8-8B4A-11D0-8D11-00A0C91BC942}") = "grok", "grok\grok.vcxproj", "{EA48CF34-B92F-430D-A2AE-3FA848DBE759}"
	ProjectSection(ProjectDependencies) = postProject
		{3D7AF301-A17B-4C71-AE83-C50E189C1540} = {3D7AF301-A17B-4C71-AE83-C50E189C1540}
	EndProjectSection
EndProject
Project("{8BC9CEB8-8B4A-11D0-8D11-00A0C91BC942}") = "pcre", "pcre\pcre.vcxproj", "{3D7AF301-A17B-4C71-AE83-C50E189C1540}"
EndProject
Global
	GlobalSection(SolutionConfigurationPlatforms) = preSolution
		Debug|Win32 = Debug|Win32
		Debug|x64 = Debug|x64
		Release|Win32 = Release|Win32
		Release|x64 = Release|x64
	EndGlobalSection
	GlobalSection(ProjectConfigurationPlatforms) = postSolution
		{EA48CF34-B92F-430D-A2AE-3FA848DBE759}.Debug|Win32.ActiveCfg = Debug|Win32
		{EA48CF34-B92F-430D-A2AE-3FA848DBE759}.Debug|Win32.Build.0 = Debug|Win32
		{EA48CF34-B92F-430D-A2AE-3FA848DBE759}.Debug|x64.ActiveCfg = Debug|x64
		{EA48CF34-B92F-430D-A2AE-3FA848DBE759}.Debug|x64.Build.0 = Debug|x64
		{EA48CF34-B92F-430D-A2AE-3FA848DBE759}.Release|Win32.ActiveCfg = Release|Win32
		{EA48CF34-B92F-430D-A2AE-3FA848DBE759}.Release|Win32.Build.0 = Release|Win32
		{EA48CF34-B92F-430D-A2AE-3FA848DBE759}.Release|x64.ActiveCfg = Release|x64
		{EA48CF34-B92F-430D-A2AE-3FA848DBE759}.Release|x64.Build.0 = Release|x64
		{3D7AF301-A17B-4C71-AE83-C50E189C1540}.Debug|Win32.ActiveCfg = Debug|Win32
		{3D7AF301-A17B-4C71-AE83-C50E189C1540}.Debug|Win32.Build.0 = Debug|Win32
		{3D7AF301-A17B-4C71-AE83-C50E189C1540}.Debug|x64.ActiveCfg = Debug|x64
		{3D7AF301-A17B-4C71-AE83-C50E189C1540}.Debug|x64.Build.0 = Debug|x64
		{3D7AF301-A17B-4C71-AE83-C50E189C1540}.Release|Win32.ActiveCfg = Release|Win32
		{3D7AF301-A17B-4C71-AE83-C50E189C1540}.Release|Win32.Build.0 = Release|Win32
		{3D7AF301-A17B-4C71-AE83-C50E189C1540}.Release|x64.ActiveCfg = Release|x64
		{3D7AF301-A17B-4C71-AE83-C50E189C1540}.Release|x64.Build.0 = Release|x64
	EndGlobalSection
	GlobalSection(SolutionProperties) = preSolution
		HideSolutionNode = FALSE
	EndGlobalSection
EndGlobal
